<?xml version="1.0" encoding="UTF-8"?>
<Scheme
   LastUpgradeVersion = "1340"
   version = "1.3">
   <BuildAction
      parallelizeBuildables = "YES"
      buildImplicitDependencies = "YES">
      <BuildActionEntries>
         <BuildActionEntry
            buildForTesting = "YES"
            buildForRunning = "YES"
            buildForProfiling = "YES"
            buildForArchiving = "YES"
            buildForAnalyzing = "YES">
            <BuildableReference
               BuildableIdentifier = "primary"
               BlueprintIdentifier = "6B4A1E1B28F07D7800A495BD"
               BuildableName = "FrontendApplication.app"
               BlueprintName = "FrontendApplication"
               ReferencedContainer = "container:idcard-scanner-ios.xcodeproj">
            </BuildableReference>
         </BuildActionEntry>
      </BuildActionEntries>
   </BuildAction>
   <TestAction
      buildConfiguration = "Debug"
      selectedDebuggerIdentifier = "Xcode.DebuggerFoundation.Debugger.LLDB"
      selectedLauncherIdentifier = "Xcode.DebuggerFoundation.Launcher.LLDB"
      shouldUseLaunchSchemeArgsEnv = "YES"
      codeCoverageEnabled = "YES"
      onlyGenerateCoverageForSpecifiedTargets = "YES">
      <CodeCoverageTargets>
         <BuildableReference
            BuildableIdentifier = "primary"
            BlueprintIdentifier = "6BFCBC4628F0A30800E60F2B"
            BuildableName = "CommonKit.framework"
            BlueprintName = "CommonKit"
            ReferencedContainer = "container:idcard-scanner-ios.xcodeproj">
         </BuildableReference>
         <BuildableReference
            BuildableIdentifier = "primary"
            BlueprintIdentifier = "6B78265828F0844400A009D2"
            BuildableName = "FrontendAppKit.framework"
            BlueprintName = "FrontendAppKit"
            ReferencedContainer = "container:idcard-scanner-ios.xcodeproj">
         </BuildableReference>
         <BuildableReference
            BuildableIdentifier = "primary"
            BlueprintIdentifier = "6B20998328F1D770009B2484"
            BuildableName = "ImageAnalyticsKit.framework"
            BlueprintName = "ImageAnalyticsKit"
            ReferencedContainer = "container:idcard-scanner-ios.xcodeproj">
         </BuildableReference>
         <BuildableReference
            BuildableIdentifier = "primary"
            BlueprintIdentifier = "6BCCADD028F33FFC001663DD"
            BuildableName = "ImageAnalyticsMocks.framework"
            BlueprintName = "ImageAnalyticsMocks"
            ReferencedContainer = "container:idcard-scanner-ios.xcodeproj">
         </BuildableReference>
      </CodeCoverageTargets>
      <Testables>
         <TestableReference
            skipped = "YES">
            <BuildableReference
               BuildableIdentifier = "primary"
               BlueprintIdentifier = "6B12273628F0821F00A00A6D"
               BuildableName = "FrontendApplicationUnitTests.xctest"
               BlueprintName = "FrontendApplicationUnitTests"
               ReferencedContainer = "container:idcard-scanner-ios.xcodeproj">
            </BuildableReference>
         </TestableReference>
         <TestableReference
            skipped = "NO">
            <BuildableReference
               BuildableIdentifier = "primary"
               BlueprintIdentifier = "6B78265F28F0844500A009D2"
               BuildableName = "FrontendAppKitUnitTests.xctest"
               BlueprintName = "FrontendAppKitUnitTests"
               ReferencedContainer = "container:idcard-scanner-ios.xcodeproj">
            </BuildableReference>
         </TestableReference>
         <TestableReference
            skipped = "NO">
            <BuildableReference
               BuildableIdentifier = "primary"
               BlueprintIdentifier = "6B20998A28F1D771009B2484"
               BuildableName = "ImageAnalyticsKitUnitTests.xctest"
               BlueprintName = "ImageAnalyticsKitUnitTests"
               ReferencedContainer = "container:idcard-scanner-ios.xcodeproj">
            </BuildableReference>
         </TestableReference>
      </Testables>
   </TestAction>
   <LaunchAction
      buildConfiguration = "Debug"
      selectedDebuggerIdentifier = "Xcode.DebuggerFoundation.Debugger.LLDB"
      selectedLauncherIdentifier = "Xcode.DebuggerFoundation.Launcher.LLDB"
      launchStyle = "0"
      useCustomWorkingDirectory = "NO"
      ignoresPersistentStateOnLaunch = "NO"
      debugDocumentVersioning = "YES"
      debugServiceExtension = "internal"
      allowLocationSimulation = "YES">
      <BuildableProductRunnable
         runnableDebuggingMode = "0">
         <BuildableReference
            BuildableIdentifier = "primary"
            BlueprintIdentifier = "6B4A1E1B28F07D7800A495BD"
            BuildableName = "FrontendApplication.app"
            BlueprintName = "FrontendApplication"
            ReferencedContainer = "container:idcard-scanner-ios.xcodeproj">
         </BuildableReference>
      </BuildableProductRunnable>
   </LaunchAction>
   <ProfileAction
      buildConfiguration = "Release"
      shouldUseLaunchSchemeArgsEnv = "YES"
      savedToolIdentifier = ""
      useCustomWorkingDirectory = "NO"
      debugDocumentVersioning = "YES">
      <BuildableProductRunnable
         runnableDebuggingMode = "0">
         <BuildableReference
            BuildableIdentifier = "primary"
            BlueprintIdentifier = "6B4A1E1B28F07D7800A495BD"
            BuildableName = "FrontendApplication.app"
            BlueprintName = "FrontendApplication"
            ReferencedContainer = "container:idcard-scanner-ios.xcodeproj">
         </BuildableReference>
      </BuildableProductRunnable>
   </ProfileAction>
   <AnalyzeAction
      buildConfiguration = "Debug">
   </AnalyzeAction>
   <ArchiveAction
      buildConfiguration = "Release"
      revealArchiveInOrganizer = "YES">
   </ArchiveAction>
</Scheme>
